
Microsoft Visual Studio Solution File, Format Version 12.00
# Visual Studio 15
VisualStudioVersion = 15.0.28010.2046
MinimumVisualStudioVersion = 10.0.40219.1
Project("{FAE04EC0-301F-11D3-BF4B-00C04F79EFBC}") = "Ch06Ex05", "Ch06Ex05\Ch06Ex05.csproj", "{0FC0F996-0650-47B5-B51B-35585E7B887F}"
EndProject
Global
	GlobalSection(SolutionConfigurationPlatforms) = preSolution
		Debug|Any CPU = Debug|Any CPU
		Release|Any CPU = Release|Any CPU
	EndGlobalSection
	GlobalSection(ProjectConfigurationPlatforms) = postSolution
		{0FC0F996-0650-47B5-B51B-35585E7B887F}.Debug|Any CPU.ActiveCfg = Debug|Any CPU
		{0FC0F996-0650-47B5-B51B-35585E7B887F}.Debug|Any CPU.Build.0 = Debug|Any CPU
		{0FC0F996-0650-47B5-B51B-35585E7B887F}.Release|Any CPU.ActiveCfg = Release|Any CPU
		{0FC0F996-0650-47B5-B51B-35585E7B887F}.Release|Any CPU.Build.0 = Release|Any CPU
	EndGlobalSection
	GlobalSection(SolutionProperties) = preSolution
		HideSolutionNode = FALSE
	EndGlobalSection
	GlobalSection(ExtensibilityGlobals) = postSolution
		SolutionGuid = {6E8DB83C-5790-44DC-8D84-D53610F2B2EB}
	EndGlobalSection
EndGlobal
