
Microsoft Visual Studio Solution File, Format Version 12.00
# Visual Studio 15
VisualStudioVersion = 15.0.28010.2036
MinimumVisualStudioVersion = 10.0.40219.1
Project("{FAE04EC0-301F-11D3-BF4B-00C04F79EFBC}") = "WpfApplication1", "WpfApplication1\WpfApplication1.csproj", "{4438F18E-E926-40D7-9DAC-9C77D1325549}"
EndProject
Global
	GlobalSection(SolutionConfigurationPlatforms) = preSolution
		Debug|Any CPU = Debug|Any CPU
		Release|Any CPU = Release|Any CPU
	EndGlobalSection
	GlobalSection(ProjectConfigurationPlatforms) = postSolution
		{4438F18E-E926-40D7-9DAC-9C77D1325549}.Debug|Any CPU.ActiveCfg = Debug|Any CPU
		{4438F18E-E926-40D7-9DAC-9C77D1325549}.Debug|Any CPU.Build.0 = Debug|Any CPU
		{4438F18E-E926-40D7-9DAC-9C77D1325549}.Release|Any CPU.ActiveCfg = Release|Any CPU
		{4438F18E-E926-40D7-9DAC-9C77D1325549}.Release|Any CPU.Build.0 = Release|Any CPU
	EndGlobalSection
	GlobalSection(SolutionProperties) = preSolution
		HideSolutionNode = FALSE
	EndGlobalSection
	GlobalSection(ExtensibilityGlobals) = postSolution
		SolutionGuid = {74E784A6-6E42-40CB-A1F8-EE509681EA5F}
	EndGlobalSection
EndGlobal
