
Microsoft Visual Studio Solution File, Format Version 12.00
# Visual Studio 15
VisualStudioVersion = 15.0.28306.52
MinimumVisualStudioVersion = 10.0.40219.1
Project("{FAE04EC0-301F-11D3-BF4B-00C04F79EFBC}") = "Ch10Ex02", "Ch10Ex02.csproj", "{D937E81C-9D6E-4EDE-A941-E759E9749AD3}"
EndProject
Global
	GlobalSection(SolutionConfigurationPlatforms) = preSolution
		Debug|Any CPU = Debug|Any CPU
		Release|Any CPU = Release|Any CPU
	EndGlobalSection
	GlobalSection(ProjectConfigurationPlatforms) = postSolution
		{D937E81C-9D6E-4EDE-A941-E759E9749AD3}.Debug|Any CPU.ActiveCfg = Debug|Any CPU
		{D937E81C-9D6E-4EDE-A941-E759E9749AD3}.Debug|Any CPU.Build.0 = Debug|Any CPU
		{D937E81C-9D6E-4EDE-A941-E759E9749AD3}.Release|Any CPU.ActiveCfg = Release|Any CPU
		{D937E81C-9D6E-4EDE-A941-E759E9749AD3}.Release|Any CPU.Build.0 = Release|Any CPU
	EndGlobalSection
	GlobalSection(SolutionProperties) = preSolution
		HideSolutionNode = FALSE
	EndGlobalSection
	GlobalSection(ExtensibilityGlobals) = postSolution
		SolutionGuid = {3C9596DF-37E7-49F7-804A-016B006A924A}
	EndGlobalSection
EndGlobal
