
Microsoft Visual Studio Solution File, Format Version 12.00
# Visual Studio 15
VisualStudioVersion = 15.0.28010.2046
MinimumVisualStudioVersion = 10.0.40219.1
Project("{FAE04EC0-301F-11D3-BF4B-00C04F79EFBC}") = "Ch05Ex06", "Ch05Ex06\Ch05Ex06.csproj", "{302F3945-C1C8-4D27-89C8-65B9FAB05DEA}"
EndProject
Global
	GlobalSection(SolutionConfigurationPlatforms) = preSolution
		Debug|Any CPU = Debug|Any CPU
		Release|Any CPU = Release|Any CPU
	EndGlobalSection
	GlobalSection(ProjectConfigurationPlatforms) = postSolution
		{302F3945-C1C8-4D27-89C8-65B9FAB05DEA}.Debug|Any CPU.ActiveCfg = Debug|Any CPU
		{302F3945-C1C8-4D27-89C8-65B9FAB05DEA}.Debug|Any CPU.Build.0 = Debug|Any CPU
		{302F3945-C1C8-4D27-89C8-65B9FAB05DEA}.Release|Any CPU.ActiveCfg = Release|Any CPU
		{302F3945-C1C8-4D27-89C8-65B9FAB05DEA}.Release|Any CPU.Build.0 = Release|Any CPU
	EndGlobalSection
	GlobalSection(SolutionProperties) = preSolution
		HideSolutionNode = FALSE
	EndGlobalSection
	GlobalSection(ExtensibilityGlobals) = postSolution
		SolutionGuid = {E32413EB-5B60-4B20-84A8-835EEA71C3E2}
	EndGlobalSection
EndGlobal
